
Microsoft Visual Studio Solution File, Format Version 12.00
# Visual Studio Version 17
VisualStudioVersion = 17.10.35027.167
MinimumVisualStudioVersion = 10.0.40219.1
Project("{FAE04EC0-301F-11D3-BF4B-00C04F79EFBC}") = "WindowsFormsApp1", "WindowsFormsApp1\WindowsFormsApp1.csproj", "{F9D2BA2C-B816-4E65-B86F-44948BCEF8C8}"
EndProject
Global
	GlobalSection(SolutionConfigurationPlatforms) = preSolution
		Debug|Any CPU = Debug|Any CPU
		Release|Any CPU = Release|Any CPU
	EndGlobalSection
	GlobalSection(ProjectConfigurationPlatforms) = postSolution
		{F9D2BA2C-B816-4E65-B86F-44948BCEF8C8}.Debug|Any CPU.ActiveCfg = Debug|Any CPU
		{F9D2BA2C-B816-4E65-B86F-44948BCEF8C8}.Debug|Any CPU.Build.0 = Debug|Any CPU
		{F9D2BA2C-B816-4E65-B86F-44948BCEF8C8}.Release|Any CPU.ActiveCfg = Release|Any CPU
		{F9D2BA2C-B816-4E65-B86F-44948BCEF8C8}.Release|Any CPU.Build.0 = Release|Any CPU
	EndGlobalSection
	GlobalSection(SolutionProperties) = preSolution
		HideSolutionNode = FALSE
	EndGlobalSection
	GlobalSection(ExtensibilityGlobals) = postSolution
		SolutionGuid = {E245FCF3-6468-4C66-A66D-6758D4856831}
	EndGlobalSection
EndGlobal
